// !$*UTF8*$!
{
	archiveVersion = 1;
	classes = {
	};
	objectVersion = 46;
	objects = {

/* Begin PBXBuildFile section */
		4908EA751AABAF2200E176E9 /* DoneEditingInputAccessoryView.swift in Sources */ = {isa = PBXBuildFile; fileRef = 4908EA741AABAF2200E176E9 /* DoneEditingInputAccessoryView.swift */; };
		4908EA781AABE80700E176E9 /* InventorySearchResultsController.swift in Sources */ = {isa = PBXBuildFile; fileRef = 4908EA771AABE80700E176E9 /* InventorySearchResultsController.swift */; };
		4908EA7A1AACBC4A00E176E9 /* ProductFooterView.swift in Sources */ = {isa = PBXBuildFile; fileRef = 4908EA791AACBC4A00E176E9 /* ProductFooterView.swift */; };
		490F20F01AB4BC47005D50E0 /* _ConfigurationSettings.swift in Sources */ = {isa = PBXBuildFile; fileRef = 490F20EF1AB4BC47005D50E0 /* _ConfigurationSettings.swift */; };
		490F20F21AB4BC51005D50E0 /* ConfigurationSettings.swift in Sources */ = {isa = PBXBuildFile; fileRef = 490F20F11AB4BC51005D50E0 /* ConfigurationSettings.swift */; };
		490F20F41AB4BDE7005D50E0 /* SettingsNavigationController.swift in Sources */ = {isa = PBXBuildFile; fileRef = 490F20F31AB4BDE7005D50E0 /* SettingsNavigationController.swift */; };
		4913E5C91A7D81D600C4C9BF /* CloudManager.swift in Sources */ = {isa = PBXBuildFile; fileRef = 4913E5C81A7D81D600C4C9BF /* CloudManager.swift */; };
		4913E5CD1A7E893E00C4C9BF /* CloudSyncable.swift in Sources */ = {isa = PBXBuildFile; fileRef = 4913E5CC1A7E893E00C4C9BF /* CloudSyncable.swift */; };
		491AD0F21A9EA64E0046FE00 /* CreatePencilNavigationController.swift in Sources */ = {isa = PBXBuildFile; fileRef = 491AD0F11A9EA64E0046FE00 /* CreatePencilNavigationController.swift */; };
		491AD0F41A9EB9E70046FE00 /* CKRecord+AppExtensions.swift in Sources */ = {isa = PBXBuildFile; fileRef = 491AD0F31A9EB9E70046FE00 /* CKRecord+AppExtensions.swift */; };
		491AD0F61AA2B6D60046FE00 /* _SyncInfo.swift in Sources */ = {isa = PBXBuildFile; fileRef = 491AD0F51AA2B6D60046FE00 /* _SyncInfo.swift */; };
		491AD0F81AA2B6E30046FE00 /* SyncInfo.swift in Sources */ = {isa = PBXBuildFile; fileRef = 491AD0F71AA2B6E30046FE00 /* SyncInfo.swift */; };
		491AD0FB1AA3C23F0046FE00 /* PencilTableViewCell.swift in Sources */ = {isa = PBXBuildFile; fileRef = 491AD0F91AA3C23F0046FE00 /* PencilTableViewCell.swift */; };
		491AD0FC1AA3C23F0046FE00 /* PencilTableViewCell.xib in Resources */ = {isa = PBXBuildFile; fileRef = 491AD0FA1AA3C23F0046FE00 /* PencilTableViewCell.xib */; };
		4938036D1A8447EB00E62FC2 /* UIViewController+JHProgressHUD.swift in Sources */ = {isa = PBXBuildFile; fileRef = 4938036C1A8447EB00E62FC2 /* UIViewController+JHProgressHUD.swift */; };
		493803701A8449AA00E62FC2 /* Types.swift in Sources */ = {isa = PBXBuildFile; fileRef = 4938036F1A8449AA00E62FC2 /* Types.swift */; };
		493803721A84503F00E62FC2 /* PencilNavigationController.swift in Sources */ = {isa = PBXBuildFile; fileRef = 493803711A84503F00E62FC2 /* PencilNavigationController.swift */; };
		493803791A86AE8900E62FC2 /* EmbeddedPickerTableViewCell.swift in Sources */ = {isa = PBXBuildFile; fileRef = 493803771A86AE8900E62FC2 /* EmbeddedPickerTableViewCell.swift */; };
		4938037A1A86AE8900E62FC2 /* EmbeddedPickerTableViewCell.xib in Resources */ = {isa = PBXBuildFile; fileRef = 493803781A86AE8900E62FC2 /* EmbeddedPickerTableViewCell.xib */; };
		493803801A86BA7100E62FC2 /* NameValueTableViewCell.swift in Sources */ = {isa = PBXBuildFile; fileRef = 4938037E1A86BA7100E62FC2 /* NameValueTableViewCell.swift */; };
		493803811A86BA7100E62FC2 /* NameValueTableViewCell.xib in Resources */ = {isa = PBXBuildFile; fileRef = 4938037F1A86BA7100E62FC2 /* NameValueTableViewCell.xib */; };
		493803871A86C46000E62FC2 /* PencilDataViewModel.swift in Sources */ = {isa = PBXBuildFile; fileRef = 493803861A86C46000E62FC2 /* PencilDataViewModel.swift */; };
		493F6AC71A8AEB48003636AE /* EditPecilPropertyTableViewCell.swift in Sources */ = {isa = PBXBuildFile; fileRef = 493F6AC51A8AEB48003636AE /* EditPecilPropertyTableViewCell.swift */; };
		493F6AC81A8AEB48003636AE /* EditPecilPropertyTableViewCell.xib in Resources */ = {isa = PBXBuildFile; fileRef = 493F6AC61A8AEB48003636AE /* EditPecilPropertyTableViewCell.xib */; };
		493F6ACB1A8AEFBE003636AE /* PencilColorPickerTableViewCell.swift in Sources */ = {isa = PBXBuildFile; fileRef = 493F6AC91A8AEFBE003636AE /* PencilColorPickerTableViewCell.swift */; };
		493F6ACC1A8AEFBE003636AE /* PencilColorPickerTableViewCell.xib in Resources */ = {isa = PBXBuildFile; fileRef = 493F6ACA1A8AEFBE003636AE /* PencilColorPickerTableViewCell.xib */; };
		493F6ACE1A911996003636AE /* EditPencilTableViewController.swift in Sources */ = {isa = PBXBuildFile; fileRef = 493F6ACD1A911996003636AE /* EditPencilTableViewController.swift */; };
		493F6AD21A956833003636AE /* PencilSearchResultsTableViewController.swift in Sources */ = {isa = PBXBuildFile; fileRef = 493F6AD11A956833003636AE /* PencilSearchResultsTableViewController.swift */; };
		493F6AD91A990E1E003636AE /* TextFieldTableViewCell.swift in Sources */ = {isa = PBXBuildFile; fileRef = 493F6AD71A990E1E003636AE /* TextFieldTableViewCell.swift */; };
		493F6ADA1A990E1E003636AE /* TextFieldTableViewCell.xib in Resources */ = {isa = PBXBuildFile; fileRef = 493F6AD81A990E1E003636AE /* TextFieldTableViewCell.xib */; };
		493F6ADC1A9911CF003636AE /* EditTextFieldTableViewController.swift in Sources */ = {isa = PBXBuildFile; fileRef = 493F6ADB1A9911CF003636AE /* EditTextFieldTableViewController.swift */; };
		493F6ADE1A99230C003636AE /* EditManufacturerNavigationController.swift in Sources */ = {isa = PBXBuildFile; fileRef = 493F6ADD1A99230C003636AE /* EditManufacturerNavigationController.swift */; };
		493F6AE01A99253A003636AE /* EditProductNavigationController.swift in Sources */ = {isa = PBXBuildFile; fileRef = 493F6ADF1A99253A003636AE /* EditProductNavigationController.swift */; };
		493F6AE21A992BE6003636AE /* Array+CDOExtensions.swift in Sources */ = {isa = PBXBuildFile; fileRef = 493F6AE11A992BE6003636AE /* Array+CDOExtensions.swift */; };
		493FC6101A86ED5700D8D17F /* DefaultTableViewCell.swift in Sources */ = {isa = PBXBuildFile; fileRef = 493FC60E1A86ED5700D8D17F /* DefaultTableViewCell.swift */; };
		493FC6111A86ED5700D8D17F /* DefaultTableViewCell.xib in Resources */ = {isa = PBXBuildFile; fileRef = 493FC60F1A86ED5700D8D17F /* DefaultTableViewCell.xib */; };
		49405C771AA7F69F002F2E83 /* InventoryQuantityTableViewCell.swift in Sources */ = {isa = PBXBuildFile; fileRef = 49405C751AA7F69F002F2E83 /* InventoryQuantityTableViewCell.swift */; };
		49405C781AA7F69F002F2E83 /* InventoryQuantityTableViewCell.xib in Resources */ = {isa = PBXBuildFile; fileRef = 49405C761AA7F69F002F2E83 /* InventoryQuantityTableViewCell.xib */; };
		4973DA701A7F05CB00619D06 /* ProductTableViewCell.swift in Sources */ = {isa = PBXBuildFile; fileRef = 4973DA6F1A7F05CB00619D06 /* ProductTableViewCell.swift */; };
		4973DA721A7F05E600619D06 /* ProductTableViewCell.xib in Resources */ = {isa = PBXBuildFile; fileRef = 4973DA711A7F05E600619D06 /* ProductTableViewCell.xib */; };
		49746BC81ACE191E0088C4E4 /* String+Hash.swift in Sources */ = {isa = PBXBuildFile; fileRef = 49746BC71ACE191E0088C4E4 /* String+Hash.swift */; };
		497E0D631AA3D2E9007FA6A4 /* BigButtonTableViewCell.swift in Sources */ = {isa = PBXBuildFile; fileRef = 497E0D611AA3D2E9007FA6A4 /* BigButtonTableViewCell.swift */; };
		497E0D641AA3D2E9007FA6A4 /* BigButtonTableViewCell.xib in Resources */ = {isa = PBXBuildFile; fileRef = 497E0D621AA3D2E9007FA6A4 /* BigButtonTableViewCell.xib */; };
		497E0D661AA7E8D1007FA6A4 /* InventoryDetailTableViewController.swift in Sources */ = {isa = PBXBuildFile; fileRef = 497E0D651AA7E8D1007FA6A4 /* InventoryDetailTableViewController.swift */; };
		4988FEBA1AB61F1B00AE2D89 /* SettingsMinimumStockTableViewController.swift in Sources */ = {isa = PBXBuildFile; fileRef = 4988FEB91AB61F1B00AE2D89 /* SettingsMinimumStockTableViewController.swift */; };
		498AC94F1AC0EB8100C33954 /* CoreDataKit.framework in Frameworks */ = {isa = PBXBuildFile; fileRef = 49E8D8B71A7443C60064E682 /* CoreDataKit.framework */; };
		49AB806B1ABE40D8009BEDE5 /* Crashlytics.framework in Frameworks */ = {isa = PBXBuildFile; fileRef = 49AB80691ABE40D8009BEDE5 /* Crashlytics.framework */; };
		49AB806C1ABE40D8009BEDE5 /* Fabric.framework in Frameworks */ = {isa = PBXBuildFile; fileRef = 49AB806A1ABE40D8009BEDE5 /* Fabric.framework */; };
		49AC9E3B1A87DD67007CE68A /* SelectPencilTableViewController.swift in Sources */ = {isa = PBXBuildFile; fileRef = 49AC9E3A1A87DD67007CE68A /* SelectPencilTableViewController.swift */; };
		49AC9E3E1A87E120007CE68A /* DefaultDetailTableViewCell.swift in Sources */ = {isa = PBXBuildFile; fileRef = 49AC9E3C1A87E120007CE68A /* DefaultDetailTableViewCell.swift */; };
		49AC9E3F1A87E120007CE68A /* DefaultDetailTableViewCell.xib in Resources */ = {isa = PBXBuildFile; fileRef = 49AC9E3D1A87E120007CE68A /* DefaultDetailTableViewCell.xib */; };
		49BB8F5E1A79D431007CFE3B /* Seeder.swift in Sources */ = {isa = PBXBuildFile; fileRef = 49BB8F5D1A79D431007CFE3B /* Seeder.swift */; };
		49BB8F601A79D89C007CFE3B /* prismacolor-pencils.json in Resources */ = {isa = PBXBuildFile; fileRef = 49BB8F5F1A79D89C007CFE3B /* prismacolor-pencils.json */; };
		49BEC0E31A7F094E00A601CF /* ProductHeaderView.swift in Sources */ = {isa = PBXBuildFile; fileRef = 49BEC0E21A7F094E00A601CF /* ProductHeaderView.swift */; };
		49DF07F71A743A2800BF94D3 /* AppDelegate.swift in Sources */ = {isa = PBXBuildFile; fileRef = 49DF07F61A743A2800BF94D3 /* AppDelegate.swift */; };
		49DF07F91A743A2800BF94D3 /* ViewController.swift in Sources */ = {isa = PBXBuildFile; fileRef = 49DF07F81A743A2800BF94D3 /* ViewController.swift */; };
		49DF07FE1A743A2800BF94D3 /* Images.xcassets in Resources */ = {isa = PBXBuildFile; fileRef = 49DF07FD1A743A2800BF94D3 /* Images.xcassets */; };
		49DF08011A743A2800BF94D3 /* LaunchScreen.xib in Resources */ = {isa = PBXBuildFile; fileRef = 49DF07FF1A743A2800BF94D3 /* LaunchScreen.xib */; };
		49E8D8BB1A7443F50064E682 /* JHProgressHUD.swift in Sources */ = {isa = PBXBuildFile; fileRef = 49E8D8BA1A7443F50064E682 /* JHProgressHUD.swift */; };
		49E8D8BE1A7445400064E682 /* CoreData.framework in Frameworks */ = {isa = PBXBuildFile; fileRef = 49E8D8BD1A7445400064E682 /* CoreData.framework */; };
		49E8D8C11A7445670064E682 /* CloudKit.framework in Frameworks */ = {isa = PBXBuildFile; fileRef = 49E8D8C01A7445670064E682 /* CloudKit.framework */; };
		49E8D8C51A74474B0064E682 /* rainbow-fish.xcdatamodeld in Sources */ = {isa = PBXBuildFile; fileRef = 49E8D8C31A74474B0064E682 /* rainbow-fish.xcdatamodeld */; };
		49E8D8C71A7547770064E682 /* ColorValueTransformer.swift in Sources */ = {isa = PBXBuildFile; fileRef = 49E8D8C61A7547770064E682 /* ColorValueTransformer.swift */; };
		49E8D8D21A7564400064E682 /* Inventory.swift in Sources */ = {isa = PBXBuildFile; fileRef = 49E8D8C91A7564400064E682 /* Inventory.swift */; };
		49E8D8D31A7564400064E682 /* _Inventory.swift in Sources */ = {isa = PBXBuildFile; fileRef = 49E8D8CB1A7564400064E682 /* _Inventory.swift */; };
		49E8D8D41A7564400064E682 /* _Manufacturer.swift in Sources */ = {isa = PBXBuildFile; fileRef = 49E8D8CC1A7564400064E682 /* _Manufacturer.swift */; };
		49E8D8D51A7564400064E682 /* _Pencil.swift in Sources */ = {isa = PBXBuildFile; fileRef = 49E8D8CD1A7564400064E682 /* _Pencil.swift */; };
		49E8D8D61A7564400064E682 /* _Product.swift in Sources */ = {isa = PBXBuildFile; fileRef = 49E8D8CE1A7564400064E682 /* _Product.swift */; };
		49E8D8D71A7564400064E682 /* Manufacturer.swift in Sources */ = {isa = PBXBuildFile; fileRef = 49E8D8CF1A7564400064E682 /* Manufacturer.swift */; };
		49E8D8D81A7564400064E682 /* Pencil.swift in Sources */ = {isa = PBXBuildFile; fileRef = 49E8D8D01A7564400064E682 /* Pencil.swift */; };
		49E8D8D91A7564400064E682 /* Product.swift in Sources */ = {isa = PBXBuildFile; fileRef = 49E8D8D11A7564400064E682 /* Product.swift */; };
		49E8D8DC1A7566E00064E682 /* AppController.swift in Sources */ = {isa = PBXBuildFile; fileRef = 49E8D8DB1A7566E00064E682 /* AppController.swift */; };
		49E8D8DE1A7567FF0064E682 /* AppearanceManager.swift in Sources */ = {isa = PBXBuildFile; fileRef = 49E8D8DD1A7567FF0064E682 /* AppearanceManager.swift */; };
		49E8D8E11A7571960064E682 /* NSFileManager+CDOExtensions.swift in Sources */ = {isa = PBXBuildFile; fileRef = 49E8D8E01A7571960064E682 /* NSFileManager+CDOExtensions.swift */; };
		49E8D8E51A75C6940064E682 /* RootViewController.swift in Sources */ = {isa = PBXBuildFile; fileRef = 49E8D8E41A75C6940064E682 /* RootViewController.swift */; };
		49E8D8E71A75C9420064E682 /* ContentTableViewController.swift in Sources */ = {isa = PBXBuildFile; fileRef = 49E8D8E61A75C9420064E682 /* ContentTableViewController.swift */; };
		49E8D8EC1A75CADE0064E682 /* InventoryTableViewController.swift in Sources */ = {isa = PBXBuildFile; fileRef = 49E8D8EB1A75CADE0064E682 /* InventoryTableViewController.swift */; };
		49E8D8EE1A75D2A50064E682 /* PencilViewController.swift in Sources */ = {isa = PBXBuildFile; fileRef = 49E8D8ED1A75D2A50064E682 /* PencilViewController.swift */; };
		49E8D8F01A75D4760064E682 /* SettingsTableViewController.swift in Sources */ = {isa = PBXBuildFile; fileRef = 49E8D8EF1A75D4760064E682 /* SettingsTableViewController.swift */; };
		49F419D11A9AA61900635EF3 /* PencilColorTableViewCell.swift in Sources */ = {isa = PBXBuildFile; fileRef = 49F419CF1A9AA61900635EF3 /* PencilColorTableViewCell.swift */; };
		49F419D21A9AA61900635EF3 /* PencilColorTableViewCell.xib in Resources */ = {isa = PBXBuildFile; fileRef = 49F419D01A9AA61900635EF3 /* PencilColorTableViewCell.xib */; };
		49F419D41A9AAA5100635EF3 /* Int+CDOExtensions.swift in Sources */ = {isa = PBXBuildFile; fileRef = 49F419D31A9AAA5100635EF3 /* Int+CDOExtensions.swift */; };
		49F419D61A9AAAF600635EF3 /* UIColor+CDOExtensions.swift in Sources */ = {isa = PBXBuildFile; fileRef = 49F419D51A9AAAF600635EF3 /* UIColor+CDOExtensions.swift */; };
		49F914681A75DDDD0042EA0D /* InventoryNavigationController.swift in Sources */ = {isa = PBXBuildFile; fileRef = 49F914671A75DDDD0042EA0D /* InventoryNavigationController.swift */; };
		49F9146B1A7727C70042EA0D /* InventoryTableViewCell.swift in Sources */ = {isa = PBXBuildFile; fileRef = 49F9146A1A7727C70042EA0D /* InventoryTableViewCell.swift */; };
		49F9146D1A7727E20042EA0D /* InventoryTableViewCell.xib in Resources */ = {isa = PBXBuildFile; fileRef = 49F9146C1A7727E20042EA0D /* InventoryTableViewCell.xib */; };
/* End PBXBuildFile section */

/* Begin PBXFileReference section */
		4908EA741AABAF2200E176E9 /* DoneEditingInputAccessoryView.swift */ = {isa = PBXFileReference; fileEncoding = 4; lastKnownFileType = sourcecode.swift; path = DoneEditingInputAccessoryView.swift; sourceTree = "<group>"; };
		4908EA771AABE80700E176E9 /* InventorySearchResultsController.swift */ = {isa = PBXFileReference; fileEncoding = 4; lastKnownFileType = sourcecode.swift; path = InventorySearchResultsController.swift; sourceTree = "<group>"; };
		4908EA791AACBC4A00E176E9 /* ProductFooterView.swift */ = {isa = PBXFileReference; fileEncoding = 4; lastKnownFileType = sourcecode.swift; path = ProductFooterView.swift; sourceTree = "<group>"; };
		490F20EF1AB4BC47005D50E0 /* _ConfigurationSettings.swift */ = {isa = PBXFileReference; fileEncoding = 4; lastKnownFileType = sourcecode.swift; path = _ConfigurationSettings.swift; sourceTree = "<group>"; };
		490F20F11AB4BC51005D50E0 /* ConfigurationSettings.swift */ = {isa = PBXFileReference; fileEncoding = 4; lastKnownFileType = sourcecode.swift; path = ConfigurationSettings.swift; sourceTree = "<group>"; };
		490F20F31AB4BDE7005D50E0 /* SettingsNavigationController.swift */ = {isa = PBXFileReference; fileEncoding = 4; lastKnownFileType = sourcecode.swift; path = SettingsNavigationController.swift; sourceTree = "<group>"; };
		4913E5C81A7D81D600C4C9BF /* CloudManager.swift */ = {isa = PBXFileReference; fileEncoding = 4; lastKnownFileType = sourcecode.swift; path = CloudManager.swift; sourceTree = "<group>"; };
		4913E5CC1A7E893E00C4C9BF /* CloudSyncable.swift */ = {isa = PBXFileReference; fileEncoding = 4; lastKnownFileType = sourcecode.swift; path = CloudSyncable.swift; sourceTree = "<group>"; };
		491AD0F11A9EA64E0046FE00 /* CreatePencilNavigationController.swift */ = {isa = PBXFileReference; fileEncoding = 4; lastKnownFileType = sourcecode.swift; path = CreatePencilNavigationController.swift; sourceTree = "<group>"; };
		491AD0F31A9EB9E70046FE00 /* CKRecord+AppExtensions.swift */ = {isa = PBXFileReference; fileEncoding = 4; lastKnownFileType = sourcecode.swift; path = "CKRecord+AppExtensions.swift"; sourceTree = "<group>"; };
		491AD0F51AA2B6D60046FE00 /* _SyncInfo.swift */ = {isa = PBXFileReference; fileEncoding = 4; lastKnownFileType = sourcecode.swift; path = _SyncInfo.swift; sourceTree = "<group>"; };
		491AD0F71AA2B6E30046FE00 /* SyncInfo.swift */ = {isa = PBXFileReference; fileEncoding = 4; lastKnownFileType = sourcecode.swift; path = SyncInfo.swift; sourceTree = "<group>"; };
		491AD0F91AA3C23F0046FE00 /* PencilTableViewCell.swift */ = {isa = PBXFileReference; fileEncoding = 4; lastKnownFileType = sourcecode.swift; path = PencilTableViewCell.swift; sourceTree = "<group>"; };
		491AD0FA1AA3C23F0046FE00 /* PencilTableViewCell.xib */ = {isa = PBXFileReference; fileEncoding = 4; lastKnownFileType = file.xib; path = PencilTableViewCell.xib; sourceTree = "<group>"; };
		4938036C1A8447EB00E62FC2 /* UIViewController+JHProgressHUD.swift */ = {isa = PBXFileReference; fileEncoding = 4; lastKnownFileType = sourcecode.swift; path = "UIViewController+JHProgressHUD.swift"; sourceTree = "<group>"; };
		4938036F1A8449AA00E62FC2 /* Types.swift */ = {isa = PBXFileReference; fileEncoding = 4; lastKnownFileType = sourcecode.swift; path = Types.swift; sourceTree = "<group>"; };
		493803711A84503F00E62FC2 /* PencilNavigationController.swift */ = {isa = PBXFileReference; fileEncoding = 4; lastKnownFileType = sourcecode.swift; path = PencilNavigationController.swift; sourceTree = "<group>"; };
		493803771A86AE8900E62FC2 /* EmbeddedPickerTableViewCell.swift */ = {isa = PBXFileReference; fileEncoding = 4; lastKnownFileType = sourcecode.swift; path = EmbeddedPickerTableViewCell.swift; sourceTree = "<group>"; };
		493803781A86AE8900E62FC2 /* EmbeddedPickerTableViewCell.xib */ = {isa = PBXFileReference; fileEncoding = 4; lastKnownFileType = file.xib; path = EmbeddedPickerTableViewCell.xib; sourceTree = "<group>"; };
		4938037E1A86BA7100E62FC2 /* NameValueTableViewCell.swift */ = {isa = PBXFileReference; fileEncoding = 4; lastKnownFileType = sourcecode.swift; path = NameValueTableViewCell.swift; sourceTree = "<group>"; };
		4938037F1A86BA7100E62FC2 /* NameValueTableViewCell.xib */ = {isa = PBXFileReference; fileEncoding = 4; lastKnownFileType = file.xib; path = NameValueTableViewCell.xib; sourceTree = "<group>"; };
		493803861A86C46000E62FC2 /* PencilDataViewModel.swift */ = {isa = PBXFileReference; fileEncoding = 4; lastKnownFileType = sourcecode.swift; path = PencilDataViewModel.swift; sourceTree = "<group>"; };
		493F6AC51A8AEB48003636AE /* EditPecilPropertyTableViewCell.swift */ = {isa = PBXFileReference; fileEncoding = 4; lastKnownFileType = sourcecode.swift; path = EditPecilPropertyTableViewCell.swift; sourceTree = "<group>"; };
		493F6AC61A8AEB48003636AE /* EditPecilPropertyTableViewCell.xib */ = {isa = PBXFileReference; fileEncoding = 4; lastKnownFileType = file.xib; path = EditPecilPropertyTableViewCell.xib; sourceTree = "<group>"; };
		493F6AC91A8AEFBE003636AE /* PencilColorPickerTableViewCell.swift */ = {isa = PBXFileReference; fileEncoding = 4; lastKnownFileType = sourcecode.swift; path = PencilColorPickerTableViewCell.swift; sourceTree = "<group>"; };
		493F6ACA1A8AEFBE003636AE /* PencilColorPickerTableViewCell.xib */ = {isa = PBXFileReference; fileEncoding = 4; lastKnownFileType = file.xib; path = PencilColorPickerTableViewCell.xib; sourceTree = "<group>"; };
		493F6ACD1A911996003636AE /* EditPencilTableViewController.swift */ = {isa = PBXFileReference; fileEncoding = 4; lastKnownFileType = sourcecode.swift; path = EditPencilTableViewController.swift; sourceTree = "<group>"; };
		493F6AD11A956833003636AE /* PencilSearchResultsTableViewController.swift */ = {isa = PBXFileReference; fileEncoding = 4; lastKnownFileType = sourcecode.swift; path = PencilSearchResultsTableViewController.swift; sourceTree = "<group>"; };
		493F6AD71A990E1E003636AE /* TextFieldTableViewCell.swift */ = {isa = PBXFileReference; fileEncoding = 4; lastKnownFileType = sourcecode.swift; path = TextFieldTableViewCell.swift; sourceTree = "<group>"; };
		493F6AD81A990E1E003636AE /* TextFieldTableViewCell.xib */ = {isa = PBXFileReference; fileEncoding = 4; lastKnownFileType = file.xib; path = TextFieldTableViewCell.xib; sourceTree = "<group>"; };
		493F6ADB1A9911CF003636AE /* EditTextFieldTableViewController.swift */ = {isa = PBXFileReference; fileEncoding = 4; lastKnownFileType = sourcecode.swift; path = EditTextFieldTableViewController.swift; sourceTree = "<group>"; };
		493F6ADD1A99230C003636AE /* EditManufacturerNavigationController.swift */ = {isa = PBXFileReference; fileEncoding = 4; lastKnownFileType = sourcecode.swift; path = EditManufacturerNavigationController.swift; sourceTree = "<group>"; };
		493F6ADF1A99253A003636AE /* EditProductNavigationController.swift */ = {isa = PBXFileReference; fileEncoding = 4; lastKnownFileType = sourcecode.swift; path = EditProductNavigationController.swift; sourceTree = "<group>"; };
		493F6AE11A992BE6003636AE /* Array+CDOExtensions.swift */ = {isa = PBXFileReference; fileEncoding = 4; lastKnownFileType = sourcecode.swift; path = "Array+CDOExtensions.swift"; sourceTree = "<group>"; };
		493FC60E1A86ED5700D8D17F /* DefaultTableViewCell.swift */ = {isa = PBXFileReference; fileEncoding = 4; lastKnownFileType = sourcecode.swift; path = DefaultTableViewCell.swift; sourceTree = "<group>"; };
		493FC60F1A86ED5700D8D17F /* DefaultTableViewCell.xib */ = {isa = PBXFileReference; fileEncoding = 4; lastKnownFileType = file.xib; path = DefaultTableViewCell.xib; sourceTree = "<group>"; };
		49405C751AA7F69F002F2E83 /* InventoryQuantityTableViewCell.swift */ = {isa = PBXFileReference; fileEncoding = 4; lastKnownFileType = sourcecode.swift; path = InventoryQuantityTableViewCell.swift; sourceTree = "<group>"; };
		49405C761AA7F69F002F2E83 /* InventoryQuantityTableViewCell.xib */ = {isa = PBXFileReference; fileEncoding = 4; lastKnownFileType = file.xib; path = InventoryQuantityTableViewCell.xib; sourceTree = "<group>"; };
		4973DA6F1A7F05CB00619D06 /* ProductTableViewCell.swift */ = {isa = PBXFileReference; fileEncoding = 4; lastKnownFileType = sourcecode.swift; path = ProductTableViewCell.swift; sourceTree = "<group>"; };
		4973DA711A7F05E600619D06 /* ProductTableViewCell.xib */ = {isa = PBXFileReference; fileEncoding = 4; lastKnownFileType = file.xib; path = ProductTableViewCell.xib; sourceTree = "<group>"; };
		49746BC41ACE18270088C4E4 /* RainbowFishBridge.h */ = {isa = PBXFileReference; lastKnownFileType = sourcecode.c.h; path = RainbowFishBridge.h; sourceTree = "<group>"; };
		49746BC51ACE18430088C4E4 /* libcommonCrypto.dylib */ = {isa = PBXFileReference; lastKnownFileType = "compiled.mach-o.dylib"; name = libcommonCrypto.dylib; path = usr/lib/system/libcommonCrypto.dylib; sourceTree = SDKROOT; };
		49746BC71ACE191E0088C4E4 /* String+Hash.swift */ = {isa = PBXFileReference; fileEncoding = 4; lastKnownFileType = sourcecode.swift; path = "String+Hash.swift"; sourceTree = "<group>"; };
		497E0D611AA3D2E9007FA6A4 /* BigButtonTableViewCell.swift */ = {isa = PBXFileReference; fileEncoding = 4; lastKnownFileType = sourcecode.swift; path = BigButtonTableViewCell.swift; sourceTree = "<group>"; };
		497E0D621AA3D2E9007FA6A4 /* BigButtonTableViewCell.xib */ = {isa = PBXFileReference; fileEncoding = 4; lastKnownFileType = file.xib; path = BigButtonTableViewCell.xib; sourceTree = "<group>"; };
		497E0D651AA7E8D1007FA6A4 /* InventoryDetailTableViewController.swift */ = {isa = PBXFileReference; fileEncoding = 4; lastKnownFileType = sourcecode.swift; path = InventoryDetailTableViewController.swift; sourceTree = "<group>"; };
		4988FEB91AB61F1B00AE2D89 /* SettingsMinimumStockTableViewController.swift */ = {isa = PBXFileReference; fileEncoding = 4; lastKnownFileType = sourcecode.swift; path = SettingsMinimumStockTableViewController.swift; sourceTree = "<group>"; };
		49AB80691ABE40D8009BEDE5 /* Crashlytics.framework */ = {isa = PBXFileReference; lastKnownFileType = wrapper.framework; path = Crashlytics.framework; sourceTree = "<group>"; };
		49AB806A1ABE40D8009BEDE5 /* Fabric.framework */ = {isa = PBXFileReference; lastKnownFileType = wrapper.framework; path = Fabric.framework; sourceTree = "<group>"; };
		49AC9E3A1A87DD67007CE68A /* SelectPencilTableViewController.swift */ = {isa = PBXFileReference; fileEncoding = 4; lastKnownFileType = sourcecode.swift; path = SelectPencilTableViewController.swift; sourceTree = "<group>"; };
		49AC9E3C1A87E120007CE68A /* DefaultDetailTableViewCell.swift */ = {isa = PBXFileReference; fileEncoding = 4; lastKnownFileType = sourcecode.swift; path = DefaultDetailTableViewCell.swift; sourceTree = "<group>"; };
		49AC9E3D1A87E120007CE68A /* DefaultDetailTableViewCell.xib */ = {isa = PBXFileReference; fileEncoding = 4; lastKnownFileType = file.xib; path = DefaultDetailTableViewCell.xib; sourceTree = "<group>"; };
		49BB8F5D1A79D431007CFE3B /* Seeder.swift */ = {isa = PBXFileReference; fileEncoding = 4; lastKnownFileType = sourcecode.swift; path = Seeder.swift; sourceTree = "<group>"; };
		49BB8F5F1A79D89C007CFE3B /* prismacolor-pencils.json */ = {isa = PBXFileReference; fileEncoding = 4; lastKnownFileType = text.json; path = "prismacolor-pencils.json"; sourceTree = "<group>"; };
		49BEC0E21A7F094E00A601CF /* ProductHeaderView.swift */ = {isa = PBXFileReference; fileEncoding = 4; lastKnownFileType = sourcecode.swift; path = ProductHeaderView.swift; sourceTree = "<group>"; };
		49DF07F11A743A2800BF94D3 /* Rainbow Fish.app */ = {isa = PBXFileReference; explicitFileType = wrapper.application; includeInIndex = 0; path = "Rainbow Fish.app"; sourceTree = BUILT_PRODUCTS_DIR; };
		49DF07F51A743A2800BF94D3 /* Info.plist */ = {isa = PBXFileReference; lastKnownFileType = text.plist.xml; path = Info.plist; sourceTree = "<group>"; };
		49DF07F61A743A2800BF94D3 /* AppDelegate.swift */ = {isa = PBXFileReference; lastKnownFileType = sourcecode.swift; path = AppDelegate.swift; sourceTree = "<group>"; };
		49DF07F81A743A2800BF94D3 /* ViewController.swift */ = {isa = PBXFileReference; lastKnownFileType = sourcecode.swift; path = ViewController.swift; sourceTree = "<group>"; };
		49DF07FD1A743A2800BF94D3 /* Images.xcassets */ = {isa = PBXFileReference; lastKnownFileType = folder.assetcatalog; path = Images.xcassets; sourceTree = "<group>"; };
		49DF08001A743A2800BF94D3 /* Base */ = {isa = PBXFileReference; lastKnownFileType = file.xib; name = Base; path = Base.lproj/LaunchScreen.xib; sourceTree = "<group>"; };
		49E8D8B71A7443C60064E682 /* CoreDataKit.framework */ = {isa = PBXFileReference; lastKnownFileType = wrapper.framework; name = CoreDataKit.framework; path = ../Carthage/Build/iOS/CoreDataKit.framework; sourceTree = "<group>"; };
		49E8D8BA1A7443F50064E682 /* JHProgressHUD.swift */ = {isa = PBXFileReference; fileEncoding = 4; lastKnownFileType = sourcecode.swift; path = JHProgressHUD.swift; sourceTree = "<group>"; };
		49E8D8BD1A7445400064E682 /* CoreData.framework */ = {isa = PBXFileReference; lastKnownFileType = wrapper.framework; name = CoreData.framework; path = System/Library/Frameworks/CoreData.framework; sourceTree = SDKROOT; };
		49E8D8BF1A7445620064E682 /* rainbow-fish.entitlements */ = {isa = PBXFileReference; lastKnownFileType = text.xml; path = "rainbow-fish.entitlements"; sourceTree = "<group>"; };
		49E8D8C01A7445670064E682 /* CloudKit.framework */ = {isa = PBXFileReference; lastKnownFileType = wrapper.framework; name = CloudKit.framework; path = System/Library/Frameworks/CloudKit.framework; sourceTree = SDKROOT; };
		49E8D8C41A74474B0064E682 /* rainbow-fish.xcdatamodel */ = {isa = PBXFileReference; lastKnownFileType = wrapper.xcdatamodel; path = "rainbow-fish.xcdatamodel"; sourceTree = "<group>"; };
		49E8D8C61A7547770064E682 /* ColorValueTransformer.swift */ = {isa = PBXFileReference; fileEncoding = 4; lastKnownFileType = sourcecode.swift; path = ColorValueTransformer.swift; sourceTree = "<group>"; };
		49E8D8C91A7564400064E682 /* Inventory.swift */ = {isa = PBXFileReference; fileEncoding = 4; lastKnownFileType = sourcecode.swift; path = Inventory.swift; sourceTree = "<group>"; };
		49E8D8CB1A7564400064E682 /* _Inventory.swift */ = {isa = PBXFileReference; fileEncoding = 4; lastKnownFileType = sourcecode.swift; path = _Inventory.swift; sourceTree = "<group>"; };
		49E8D8CC1A7564400064E682 /* _Manufacturer.swift */ = {isa = PBXFileReference; fileEncoding = 4; lastKnownFileType = sourcecode.swift; path = _Manufacturer.swift; sourceTree = "<group>"; };
		49E8D8CD1A7564400064E682 /* _Pencil.swift */ = {isa = PBXFileReference; fileEncoding = 4; lastKnownFileType = sourcecode.swift; path = _Pencil.swift; sourceTree = "<group>"; };
		49E8D8CE1A7564400064E682 /* _Product.swift */ = {isa = PBXFileReference; fileEncoding = 4; lastKnownFileType = sourcecode.swift; path = _Product.swift; sourceTree = "<group>"; };
		49E8D8CF1A7564400064E682 /* Manufacturer.swift */ = {isa = PBXFileReference; fileEncoding = 4; lastKnownFileType = sourcecode.swift; path = Manufacturer.swift; sourceTree = "<group>"; };
		49E8D8D01A7564400064E682 /* Pencil.swift */ = {isa = PBXFileReference; fileEncoding = 4; lastKnownFileType = sourcecode.swift; path = Pencil.swift; sourceTree = "<group>"; };
		49E8D8D11A7564400064E682 /* Product.swift */ = {isa = PBXFileReference; fileEncoding = 4; lastKnownFileType = sourcecode.swift; path = Product.swift; sourceTree = "<group>"; };
		49E8D8DB1A7566E00064E682 /* AppController.swift */ = {isa = PBXFileReference; fileEncoding = 4; lastKnownFileType = sourcecode.swift; path = AppController.swift; sourceTree = "<group>"; };
		49E8D8DD1A7567FF0064E682 /* AppearanceManager.swift */ = {isa = PBXFileReference; fileEncoding = 4; lastKnownFileType = sourcecode.swift; path = AppearanceManager.swift; sourceTree = "<group>"; };
		49E8D8E01A7571960064E682 /* NSFileManager+CDOExtensions.swift */ = {isa = PBXFileReference; fileEncoding = 4; lastKnownFileType = sourcecode.swift; path = "NSFileManager+CDOExtensions.swift"; sourceTree = "<group>"; };
		49E8D8E41A75C6940064E682 /* RootViewController.swift */ = {isa = PBXFileReference; fileEncoding = 4; lastKnownFileType = sourcecode.swift; path = RootViewController.swift; sourceTree = "<group>"; };
		49E8D8E61A75C9420064E682 /* ContentTableViewController.swift */ = {isa = PBXFileReference; fileEncoding = 4; lastKnownFileType = sourcecode.swift; path = ContentTableViewController.swift; sourceTree = "<group>"; };
		49E8D8EB1A75CADE0064E682 /* InventoryTableViewController.swift */ = {isa = PBXFileReference; fileEncoding = 4; lastKnownFileType = sourcecode.swift; path = InventoryTableViewController.swift; sourceTree = "<group>"; };
		49E8D8ED1A75D2A50064E682 /* PencilViewController.swift */ = {isa = PBXFileReference; fileEncoding = 4; lastKnownFileType = sourcecode.swift; path = PencilViewController.swift; sourceTree = "<group>"; };
		49E8D8EF1A75D4760064E682 /* SettingsTableViewController.swift */ = {isa = PBXFileReference; fileEncoding = 4; lastKnownFileType = sourcecode.swift; path = SettingsTableViewController.swift; sourceTree = "<group>"; };
		49F419CF1A9AA61900635EF3 /* PencilColorTableViewCell.swift */ = {isa = PBXFileReference; fileEncoding = 4; lastKnownFileType = sourcecode.swift; path = PencilColorTableViewCell.swift; sourceTree = "<group>"; };
		49F419D01A9AA61900635EF3 /* PencilColorTableViewCell.xib */ = {isa = PBXFileReference; fileEncoding = 4; lastKnownFileType = file.xib; path = PencilColorTableViewCell.xib; sourceTree = "<group>"; };
		49F419D31A9AAA5100635EF3 /* Int+CDOExtensions.swift */ = {isa = PBXFileReference; fileEncoding = 4; lastKnownFileType = sourcecode.swift; path = "Int+CDOExtensions.swift"; sourceTree = "<group>"; };
		49F419D51A9AAAF600635EF3 /* UIColor+CDOExtensions.swift */ = {isa = PBXFileReference; fileEncoding = 4; lastKnownFileType = sourcecode.swift; path = "UIColor+CDOExtensions.swift"; sourceTree = "<group>"; };
		49F914671A75DDDD0042EA0D /* InventoryNavigationController.swift */ = {isa = PBXFileReference; fileEncoding = 4; lastKnownFileType = sourcecode.swift; path = InventoryNavigationController.swift; sourceTree = "<group>"; };
		49F9146A1A7727C70042EA0D /* InventoryTableViewCell.swift */ = {isa = PBXFileReference; fileEncoding = 4; lastKnownFileType = sourcecode.swift; path = InventoryTableViewCell.swift; sourceTree = "<group>"; };
		49F9146C1A7727E20042EA0D /* InventoryTableViewCell.xib */ = {isa = PBXFileReference; fileEncoding = 4; lastKnownFileType = file.xib; path = InventoryTableViewCell.xib; sourceTree = "<group>"; };
/* End PBXFileReference section */

/* Begin PBXFrameworksBuildPhase section */
		49DF07EE1A743A2800BF94D3 /* Frameworks */ = {
			isa = PBXFrameworksBuildPhase;
			buildActionMask = 2147483647;
			files = (
				498AC94F1AC0EB8100C33954 /* CoreDataKit.framework in Frameworks */,
				49AB806C1ABE40D8009BEDE5 /* Fabric.framework in Frameworks */,
				49E8D8C11A7445670064E682 /* CloudKit.framework in Frameworks */,
				49AB806B1ABE40D8009BEDE5 /* Crashlytics.framework in Frameworks */,
				49E8D8BE1A7445400064E682 /* CoreData.framework in Frameworks */,
			);
			runOnlyForDeploymentPostprocessing = 0;
		};
/* End PBXFrameworksBuildPhase section */

/* Begin PBXGroup section */
		4908EA731AABAEDE00E176E9 /* Views */ = {
			isa = PBXGroup;
			children = (
				4908EA741AABAF2200E176E9 /* DoneEditingInputAccessoryView.swift */,
			);
			name = Views;
			sourceTree = "<group>";
		};
		4908EA761AABE7B400E176E9 /* Search Results Controller */ = {
			isa = PBXGroup;
			children = (
				4908EA771AABE80700E176E9 /* InventorySearchResultsController.swift */,
			);
			name = "Search Results Controller";
			sourceTree = "<group>";
		};
		4938036E1A84498800E62FC2 /* Constants */ = {
			isa = PBXGroup;
			children = (
				4938036F1A8449AA00E62FC2 /* Types.swift */,
			);
			name = Constants;
			sourceTree = "<group>";
		};
		4938037B1A86AF4300E62FC2 /* Xibs */ = {
			isa = PBXGroup;
			children = (
				491AD0FA1AA3C23F0046FE00 /* PencilTableViewCell.xib */,
				4973DA711A7F05E600619D06 /* ProductTableViewCell.xib */,
			);
			name = Xibs;
			sourceTree = "<group>";
		};
		4938037C1A86B69300E62FC2 /* Tableview Cells */ = {
			isa = PBXGroup;
			children = (
				4938037D1A86B9AB00E62FC2 /* Xibs */,
				493803771A86AE8900E62FC2 /* EmbeddedPickerTableViewCell.swift */,
				4938037E1A86BA7100E62FC2 /* NameValueTableViewCell.swift */,
				493FC60E1A86ED5700D8D17F /* DefaultTableViewCell.swift */,
				49AC9E3C1A87E120007CE68A /* DefaultDetailTableViewCell.swift */,
				493F6AD71A990E1E003636AE /* TextFieldTableViewCell.swift */,
				497E0D611AA3D2E9007FA6A4 /* BigButtonTableViewCell.swift */,
			);
			name = "Tableview Cells";
			sourceTree = "<group>";
		};
		4938037D1A86B9AB00E62FC2 /* Xibs */ = {
			isa = PBXGroup;
			children = (
				497E0D621AA3D2E9007FA6A4 /* BigButtonTableViewCell.xib */,
				493F6AD81A990E1E003636AE /* TextFieldTableViewCell.xib */,
				493FC60F1A86ED5700D8D17F /* DefaultTableViewCell.xib */,
				49AC9E3D1A87E120007CE68A /* DefaultDetailTableViewCell.xib */,
				4938037F1A86BA7100E62FC2 /* NameValueTableViewCell.xib */,
				493803781A86AE8900E62FC2 /* EmbeddedPickerTableViewCell.xib */,
			);
			name = Xibs;
			sourceTree = "<group>";
		};
		493803821A86BFA100E62FC2 /* Edit Pencil */ = {
			isa = PBXGroup;
			children = (
				493F6AD01A95680A003636AE /* Search Results Controller */,
				493F6AC41A8AEB20003636AE /* Tableview Cells */,
				493F6ACD1A911996003636AE /* EditPencilTableViewController.swift */,
				493F6ADD1A99230C003636AE /* EditManufacturerNavigationController.swift */,
				493F6ADF1A99253A003636AE /* EditProductNavigationController.swift */,
				491AD0F11A9EA64E0046FE00 /* CreatePencilNavigationController.swift */,
			);
			name = "Edit Pencil";
			sourceTree = "<group>";
		};
		493803851A86C42700E62FC2 /* View Models */ = {
			isa = PBXGroup;
			children = (
				493803861A86C46000E62FC2 /* PencilDataViewModel.swift */,
			);
			name = "View Models";
			sourceTree = "<group>";
		};
		493F6AC41A8AEB20003636AE /* Tableview Cells */ = {
			isa = PBXGroup;
			children = (
				493F6ACF1A9177C7003636AE /* Xibs */,
				493F6AC51A8AEB48003636AE /* EditPecilPropertyTableViewCell.swift */,
				493F6AC91A8AEFBE003636AE /* PencilColorPickerTableViewCell.swift */,
				49F419CF1A9AA61900635EF3 /* PencilColorTableViewCell.swift */,
			);
			name = "Tableview Cells";
			sourceTree = "<group>";
		};
		493F6ACF1A9177C7003636AE /* Xibs */ = {
			isa = PBXGroup;
			children = (
				49F419D01A9AA61900635EF3 /* PencilColorTableViewCell.xib */,
				493F6AC61A8AEB48003636AE /* EditPecilPropertyTableViewCell.xib */,
				493F6ACA1A8AEFBE003636AE /* PencilColorPickerTableViewCell.xib */,
			);
			name = Xibs;
			sourceTree = "<group>";
		};
		493F6AD01A95680A003636AE /* Search Results Controller */ = {
			isa = PBXGroup;
			children = (
				493F6AD11A956833003636AE /* PencilSearchResultsTableViewController.swift */,
			);
			name = "Search Results Controller";
			sourceTree = "<group>";
		};
		49405C791AA7F6AA002F2E83 /* Xibs */ = {
			isa = PBXGroup;
			children = (
				49F9146C1A7727E20042EA0D /* InventoryTableViewCell.xib */,
				49405C761AA7F69F002F2E83 /* InventoryQuantityTableViewCell.xib */,
			);
			name = Xibs;
			sourceTree = "<group>";
		};
		4973DA6E1A7F058700619D06 /* Cells */ = {
			isa = PBXGroup;
			children = (
				4938037B1A86AF4300E62FC2 /* Xibs */,
				4973DA6F1A7F05CB00619D06 /* ProductTableViewCell.swift */,
				49BEC0E21A7F094E00A601CF /* ProductHeaderView.swift */,
				491AD0F91AA3C23F0046FE00 /* PencilTableViewCell.swift */,
				4908EA791AACBC4A00E176E9 /* ProductFooterView.swift */,
			);
			name = Cells;
			sourceTree = "<group>";
		};
		4988FEB81AB61EF500AE2D89 /* Inventory Management */ = {
			isa = PBXGroup;
			children = (
				4988FEB91AB61F1B00AE2D89 /* SettingsMinimumStockTableViewController.swift */,
			);
			name = "Inventory Management";
			sourceTree = "<group>";
		};
		49BB8F5C1A79D402007CFE3B /* Cloudkit */ = {
			isa = PBXGroup;
			children = (
				49BB8F5D1A79D431007CFE3B /* Seeder.swift */,
				4913E5C81A7D81D600C4C9BF /* CloudManager.swift */,
			);
			name = Cloudkit;
			sourceTree = "<group>";
		};
		49DF07E81A743A2800BF94D3 = {
			isa = PBXGroup;
			children = (
				49DF07F31A743A2800BF94D3 /* rainbow-fish */,
				49DF07F21A743A2800BF94D3 /* Products */,
			);
			sourceTree = "<group>";
		};
		49DF07F21A743A2800BF94D3 /* Products */ = {
			isa = PBXGroup;
			children = (
				49DF07F11A743A2800BF94D3 /* Rainbow Fish.app */,
			);
			name = Products;
			sourceTree = "<group>";
		};
		49DF07F31A743A2800BF94D3 /* rainbow-fish */ = {
			isa = PBXGroup;
			children = (
				4908EA731AABAEDE00E176E9 /* Views */,
				493803851A86C42700E62FC2 /* View Models */,
				4938037C1A86B69300E62FC2 /* Tableview Cells */,
				4938036E1A84498800E62FC2 /* Constants */,
				49BB8F5C1A79D402007CFE3B /* Cloudkit */,
				49E8D8E21A75C66B0064E682 /* View Controllers */,
				49E8D8DF1A7570DF0064E682 /* Categories & Extensions */,
				49E8D8DA1A7566570064E682 /* App Config */,
				49E8D8C21A7447180064E682 /* Core Data */,
				49E8D8B91A7443E00064E682 /* JHProgressHUD */,
				49DF07F81A743A2800BF94D3 /* ViewController.swift */,
				49DF07FD1A743A2800BF94D3 /* Images.xcassets */,
				49DF07FF1A743A2800BF94D3 /* LaunchScreen.xib */,
				49DF07F41A743A2800BF94D3 /* Supporting Files */,
			);
			path = "rainbow-fish";
			sourceTree = "<group>";
		};
		49DF07F41A743A2800BF94D3 /* Supporting Files */ = {
			isa = PBXGroup;
			children = (
				49746BC51ACE18430088C4E4 /* libcommonCrypto.dylib */,
				49AB80691ABE40D8009BEDE5 /* Crashlytics.framework */,
				49AB806A1ABE40D8009BEDE5 /* Fabric.framework */,
				49BB8F5F1A79D89C007CFE3B /* prismacolor-pencils.json */,
				49E8D8BF1A7445620064E682 /* rainbow-fish.entitlements */,
				49E8D8C01A7445670064E682 /* CloudKit.framework */,
				49E8D8BD1A7445400064E682 /* CoreData.framework */,
				49E8D8B71A7443C60064E682 /* CoreDataKit.framework */,
				49DF07F51A743A2800BF94D3 /* Info.plist */,
				49746BC41ACE18270088C4E4 /* RainbowFishBridge.h */,
			);
			name = "Supporting Files";
			sourceTree = "<group>";
		};
		49E8D8B91A7443E00064E682 /* JHProgressHUD */ = {
			isa = PBXGroup;
			children = (
				49E8D8BA1A7443F50064E682 /* JHProgressHUD.swift */,
			);
			name = JHProgressHUD;
			sourceTree = "<group>";
		};
		49E8D8C21A7447180064E682 /* Core Data */ = {
			isa = PBXGroup;
			children = (
				490F20F11AB4BC51005D50E0 /* ConfigurationSettings.swift */,
				491AD0F71AA2B6E30046FE00 /* SyncInfo.swift */,
				49E8D8C91A7564400064E682 /* Inventory.swift */,
				49E8D8CA1A7564400064E682 /* machine */,
				49E8D8CF1A7564400064E682 /* Manufacturer.swift */,
				49E8D8D01A7564400064E682 /* Pencil.swift */,
				49E8D8D11A7564400064E682 /* Product.swift */,
				49E8D8C31A74474B0064E682 /* rainbow-fish.xcdatamodeld */,
				49E8D8C61A7547770064E682 /* ColorValueTransformer.swift */,
				4913E5CC1A7E893E00C4C9BF /* CloudSyncable.swift */,
			);
			name = "Core Data";
			sourceTree = "<group>";
		};
		49E8D8CA1A7564400064E682 /* machine */ = {
			isa = PBXGroup;
			children = (
				490F20EF1AB4BC47005D50E0 /* _ConfigurationSettings.swift */,
				491AD0F51AA2B6D60046FE00 /* _SyncInfo.swift */,
				49E8D8CB1A7564400064E682 /* _Inventory.swift */,
				49E8D8CC1A7564400064E682 /* _Manufacturer.swift */,
				49E8D8CD1A7564400064E682 /* _Pencil.swift */,
				49E8D8CE1A7564400064E682 /* _Product.swift */,
			);
			path = machine;
			sourceTree = "<group>";
		};
		49E8D8DA1A7566570064E682 /* App Config */ = {
			isa = PBXGroup;
			children = (
				49DF07F61A743A2800BF94D3 /* AppDelegate.swift */,
				49E8D8DB1A7566E00064E682 /* AppController.swift */,
				49E8D8DD1A7567FF0064E682 /* AppearanceManager.swift */,
			);
			name = "App Config";
			sourceTree = "<group>";
		};
		49E8D8DF1A7570DF0064E682 /* Categories & Extensions */ = {
			isa = PBXGroup;
			children = (
				49E8D8E01A7571960064E682 /* NSFileManager+CDOExtensions.swift */,
				4938036C1A8447EB00E62FC2 /* UIViewController+JHProgressHUD.swift */,
				493F6AE11A992BE6003636AE /* Array+CDOExtensions.swift */,
				49F419D31A9AAA5100635EF3 /* Int+CDOExtensions.swift */,
				49F419D51A9AAAF600635EF3 /* UIColor+CDOExtensions.swift */,
				491AD0F31A9EB9E70046FE00 /* CKRecord+AppExtensions.swift */,
				49746BC71ACE191E0088C4E4 /* String+Hash.swift */,
			);
			name = "Categories & Extensions";
			sourceTree = "<group>";
		};
		49E8D8E21A75C66B0064E682 /* View Controllers */ = {
			isa = PBXGroup;
			children = (
				49E8D8EA1A75CA0F0064E682 /* Settings */,
				49E8D8E91A75C9F60064E682 /* Pencils */,
				49E8D8E81A75C9E50064E682 /* Inventory */,
				49E8D8E31A75C67C0064E682 /* Main & Base */,
			);
			name = "View Controllers";
			sourceTree = "<group>";
		};
		49E8D8E31A75C67C0064E682 /* Main & Base */ = {
			isa = PBXGroup;
			children = (
				493F6ADB1A9911CF003636AE /* EditTextFieldTableViewController.swift */,
				49E8D8E41A75C6940064E682 /* RootViewController.swift */,
				49E8D8E61A75C9420064E682 /* ContentTableViewController.swift */,
			);
			name = "Main & Base";
			sourceTree = "<group>";
		};
		49E8D8E81A75C9E50064E682 /* Inventory */ = {
			isa = PBXGroup;
			children = (
				4908EA761AABE7B400E176E9 /* Search Results Controller */,
				49F914691A77279E0042EA0D /* Tableview Cells */,
				49E8D8EB1A75CADE0064E682 /* InventoryTableViewController.swift */,
				49F914671A75DDDD0042EA0D /* InventoryNavigationController.swift */,
				497E0D651AA7E8D1007FA6A4 /* InventoryDetailTableViewController.swift */,
			);
			name = Inventory;
			sourceTree = "<group>";
		};
		49E8D8E91A75C9F60064E682 /* Pencils */ = {
			isa = PBXGroup;
			children = (
				493803821A86BFA100E62FC2 /* Edit Pencil */,
				4973DA6E1A7F058700619D06 /* Cells */,
				49E8D8ED1A75D2A50064E682 /* PencilViewController.swift */,
				493803711A84503F00E62FC2 /* PencilNavigationController.swift */,
				49AC9E3A1A87DD67007CE68A /* SelectPencilTableViewController.swift */,
			);
			name = Pencils;
			sourceTree = "<group>";
		};
		49E8D8EA1A75CA0F0064E682 /* Settings */ = {
			isa = PBXGroup;
			children = (
				4988FEB81AB61EF500AE2D89 /* Inventory Management */,
				49E8D8EF1A75D4760064E682 /* SettingsTableViewController.swift */,
				490F20F31AB4BDE7005D50E0 /* SettingsNavigationController.swift */,
			);
			name = Settings;
			sourceTree = "<group>";
		};
		49F914691A77279E0042EA0D /* Tableview Cells */ = {
			isa = PBXGroup;
			children = (
				49405C791AA7F6AA002F2E83 /* Xibs */,
				49F9146A1A7727C70042EA0D /* InventoryTableViewCell.swift */,
				49405C751AA7F69F002F2E83 /* InventoryQuantityTableViewCell.swift */,
			);
			name = "Tableview Cells";
			sourceTree = "<group>";
		};
/* End PBXGroup section */

/* Begin PBXNativeTarget section */
		49DF07F01A743A2800BF94D3 /* rainbow-fish */ = {
			isa = PBXNativeTarget;
			buildConfigurationList = 49DF08101A743A2800BF94D3 /* Build configuration list for PBXNativeTarget "rainbow-fish" */;
			buildPhases = (
				49E8D8C81A75630C0064E682 /* Mogenerator */,
				49DF07ED1A743A2800BF94D3 /* Sources */,
				49DF07EE1A743A2800BF94D3 /* Frameworks */,
				49E8D8BC1A7444190064E682 /* Carthage copy frameworks */,
				49DF07EF1A743A2800BF94D3 /* Resources */,
				49AB80681ABE4045009BEDE5 /* Crashlytics */,
			);
			buildRules = (
			);
			dependencies = (
			);
			name = "rainbow-fish";
			productName = "rainbow-fish";
			productReference = 49DF07F11A743A2800BF94D3 /* Rainbow Fish.app */;
			productType = "com.apple.product-type.application";
		};
/* End PBXNativeTarget section */

/* Begin PBXProject section */
		49DF07E91A743A2800BF94D3 /* Project object */ = {
			isa = PBXProject;
			attributes = {
				LastUpgradeCheck = 0610;
				ORGANIZATIONNAME = Clamdango;
				TargetAttributes = {
					49DF07F01A743A2800BF94D3 = {
						CreatedOnToolsVersion = 6.1.1;
						DevelopmentTeam = FA5W6TJ34U;
						SystemCapabilities = {
							com.apple.iCloud = {
								enabled = 1;
							};
						};
					};
				};
			};
			buildConfigurationList = 49DF07EC1A743A2800BF94D3 /* Build configuration list for PBXProject "rainbow-fish" */;
			compatibilityVersion = "Xcode 3.2";
			developmentRegion = English;
			hasScannedForEncodings = 0;
			knownRegions = (
				en,
				Base,
			);
			mainGroup = 49DF07E81A743A2800BF94D3;
			productRefGroup = 49DF07F21A743A2800BF94D3 /* Products */;
			projectDirPath = "";
			projectRoot = "";
			targets = (
				49DF07F01A743A2800BF94D3 /* rainbow-fish */,
			);
		};
/* End PBXProject section */

/* Begin PBXResourcesBuildPhase section */
		49DF07EF1A743A2800BF94D3 /* Resources */ = {
			isa = PBXResourcesBuildPhase;
			buildActionMask = 2147483647;
			files = (
				497E0D641AA3D2E9007FA6A4 /* BigButtonTableViewCell.xib in Resources */,
				49AC9E3F1A87E120007CE68A /* DefaultDetailTableViewCell.xib in Resources */,
				49F9146D1A7727E20042EA0D /* InventoryTableViewCell.xib in Resources */,
				493FC6111A86ED5700D8D17F /* DefaultTableViewCell.xib in Resources */,
				49DF08011A743A2800BF94D3 /* LaunchScreen.xib in Resources */,
				4973DA721A7F05E600619D06 /* ProductTableViewCell.xib in Resources */,
				49F419D21A9AA61900635EF3 /* PencilColorTableViewCell.xib in Resources */,
				493803811A86BA7100E62FC2 /* NameValueTableViewCell.xib in Resources */,
				49BB8F601A79D89C007CFE3B /* prismacolor-pencils.json in Resources */,
				493F6ADA1A990E1E003636AE /* TextFieldTableViewCell.xib in Resources */,
				49DF07FE1A743A2800BF94D3 /* Images.xcassets in Resources */,
				493F6AC81A8AEB48003636AE /* EditPecilPropertyTableViewCell.xib in Resources */,
				4938037A1A86AE8900E62FC2 /* EmbeddedPickerTableViewCell.xib in Resources */,
				491AD0FC1AA3C23F0046FE00 /* PencilTableViewCell.xib in Resources */,
				493F6ACC1A8AEFBE003636AE /* PencilColorPickerTableViewCell.xib in Resources */,
				49405C781AA7F69F002F2E83 /* InventoryQuantityTableViewCell.xib in Resources */,
			);
			runOnlyForDeploymentPostprocessing = 0;
		};
/* End PBXResourcesBuildPhase section */

/* Begin PBXShellScriptBuildPhase section */
		49AB80681ABE4045009BEDE5 /* Crashlytics */ = {
			isa = PBXShellScriptBuildPhase;
			buildActionMask = 2147483647;
			files = (
			);
			inputPaths = (
			);
			name = Crashlytics;
			outputPaths = (
			);
			runOnlyForDeploymentPostprocessing = 0;
			shellPath = /bin/sh;
			shellScript = "./Fabric.framework/run d1a134a3064cf181e5ca3939ce43f13f95c094ca b20d3e488424d20c08c47aedc30f6ce8534749d8207597ef125838e764073e7e";
		};
		49E8D8BC1A7444190064E682 /* Carthage copy frameworks */ = {
			isa = PBXShellScriptBuildPhase;
			buildActionMask = 2147483647;
			files = (
			);
			inputPaths = (
				"$(SRCROOT)/Carthage/Build/iOS/CoreDataKit.framework",
			);
			name = "Carthage copy frameworks";
			outputPaths = (
			);
			runOnlyForDeploymentPostprocessing = 0;
			shellPath = /bin/sh;
			shellScript = "/usr/local/bin/carthage copy-frameworks";
		};
		49E8D8C81A75630C0064E682 /* Mogenerator */ = {
			isa = PBXShellScriptBuildPhase;
			buildActionMask = 2147483647;
			files = (
			);
			inputPaths = (
			);
			name = Mogenerator;
			outputPaths = (
			);
			runOnlyForDeploymentPostprocessing = 0;
			shellPath = /bin/sh;
			shellScript = "/usr/bin/mogenerator --v2 --swift -m $SRCROOT/$TARGET_NAME/$TARGET_NAME.xcdatamodeld/$TARGET_NAME.xcdatamodel -H $SRCROOT/$TARGET_NAME -M $SRCROOT/$TARGET_NAME/machine";
		};
/* End PBXShellScriptBuildPhase section */

/* Begin PBXSourcesBuildPhase section */
		49DF07ED1A743A2800BF94D3 /* Sources */ = {
			isa = PBXSourcesBuildPhase;
			buildActionMask = 2147483647;
			files = (
				49E8D8D21A7564400064E682 /* Inventory.swift in Sources */,
				49E8D8E51A75C6940064E682 /* RootViewController.swift in Sources */,
				4988FEBA1AB61F1B00AE2D89 /* SettingsMinimumStockTableViewController.swift in Sources */,
				49E8D8E71A75C9420064E682 /* ContentTableViewController.swift in Sources */,
				493803721A84503F00E62FC2 /* PencilNavigationController.swift in Sources */,
				49F419D61A9AAAF600635EF3 /* UIColor+CDOExtensions.swift in Sources */,
				493803701A8449AA00E62FC2 /* Types.swift in Sources */,
				493F6AC71A8AEB48003636AE /* EditPecilPropertyTableViewCell.swift in Sources */,
				49E8D8D61A7564400064E682 /* _Product.swift in Sources */,
				4913E5CD1A7E893E00C4C9BF /* CloudSyncable.swift in Sources */,
				49F419D11A9AA61900635EF3 /* PencilColorTableViewCell.swift in Sources */,
				49E8D8D81A7564400064E682 /* Pencil.swift in Sources */,
				491AD0F41A9EB9E70046FE00 /* CKRecord+AppExtensions.swift in Sources */,
				49AC9E3B1A87DD67007CE68A /* SelectPencilTableViewController.swift in Sources */,
				491AD0F81AA2B6E30046FE00 /* SyncInfo.swift in Sources */,
				49E8D8BB1A7443F50064E682 /* JHProgressHUD.swift in Sources */,
				491AD0F21A9EA64E0046FE00 /* CreatePencilNavigationController.swift in Sources */,
				49F9146B1A7727C70042EA0D /* InventoryTableViewCell.swift in Sources */,
				49405C771AA7F69F002F2E83 /* InventoryQuantityTableViewCell.swift in Sources */,
				4938036D1A8447EB00E62FC2 /* UIViewController+JHProgressHUD.swift in Sources */,
				49E8D8DE1A7567FF0064E682 /* AppearanceManager.swift in Sources */,
				49E8D8D41A7564400064E682 /* _Manufacturer.swift in Sources */,
				49E8D8D51A7564400064E682 /* _Pencil.swift in Sources */,
				49DF07F91A743A2800BF94D3 /* ViewController.swift in Sources */,
				493FC6101A86ED5700D8D17F /* DefaultTableViewCell.swift in Sources */,
				49E8D8C51A74474B0064E682 /* rainbow-fish.xcdatamodeld in Sources */,
				490F20F41AB4BDE7005D50E0 /* SettingsNavigationController.swift in Sources */,
				49DF07F71A743A2800BF94D3 /* AppDelegate.swift in Sources */,
				4908EA7A1AACBC4A00E176E9 /* ProductFooterView.swift in Sources */,
				493F6AD91A990E1E003636AE /* TextFieldTableViewCell.swift in Sources */,
				493F6AE21A992BE6003636AE /* Array+CDOExtensions.swift in Sources */,
				497E0D631AA3D2E9007FA6A4 /* BigButtonTableViewCell.swift in Sources */,
				490F20F21AB4BC51005D50E0 /* ConfigurationSettings.swift in Sources */,
				49E8D8C71A7547770064E682 /* ColorValueTransformer.swift in Sources */,
				49E8D8E11A7571960064E682 /* NSFileManager+CDOExtensions.swift in Sources */,
				4908EA781AABE80700E176E9 /* InventorySearchResultsController.swift in Sources */,
				490F20F01AB4BC47005D50E0 /* _ConfigurationSettings.swift in Sources */,
				49E8D8D71A7564400064E682 /* Manufacturer.swift in Sources */,
				493F6AD21A956833003636AE /* PencilSearchResultsTableViewController.swift in Sources */,
				497E0D661AA7E8D1007FA6A4 /* InventoryDetailTableViewController.swift in Sources */,
				493F6ADE1A99230C003636AE /* EditManufacturerNavigationController.swift in Sources */,
				493F6ACB1A8AEFBE003636AE /* PencilColorPickerTableViewCell.swift in Sources */,
				49AC9E3E1A87E120007CE68A /* DefaultDetailTableViewCell.swift in Sources */,
				49E8D8EE1A75D2A50064E682 /* PencilViewController.swift in Sources */,
				49F914681A75DDDD0042EA0D /* InventoryNavigationController.swift in Sources */,
				493F6AE01A99253A003636AE /* EditProductNavigationController.swift in Sources */,
				49E8D8D31A7564400064E682 /* _Inventory.swift in Sources */,
				4973DA701A7F05CB00619D06 /* ProductTableViewCell.swift in Sources */,
				49E8D8D91A7564400064E682 /* Product.swift in Sources */,
				491AD0FB1AA3C23F0046FE00 /* PencilTableViewCell.swift in Sources */,
				493F6ACE1A911996003636AE /* EditPencilTableViewController.swift in Sources */,
				493803871A86C46000E62FC2 /* PencilDataViewModel.swift in Sources */,
				493803791A86AE8900E62FC2 /* EmbeddedPickerTableViewCell.swift in Sources */,
				4913E5C91A7D81D600C4C9BF /* CloudManager.swift in Sources */,
				49E8D8EC1A75CADE0064E682 /* InventoryTableViewController.swift in Sources */,
				49746BC81ACE191E0088C4E4 /* String+Hash.swift in Sources */,
				49E8D8DC1A7566E00064E682 /* AppController.swift in Sources */,
				49E8D8F01A75D4760064E682 /* SettingsTableViewController.swift in Sources */,
				491AD0F61AA2B6D60046FE00 /* _SyncInfo.swift in Sources */,
				493F6ADC1A9911CF003636AE /* EditTextFieldTableViewController.swift in Sources */,
				49BB8F5E1A79D431007CFE3B /* Seeder.swift in Sources */,
				49BEC0E31A7F094E00A601CF /* ProductHeaderView.swift in Sources */,
				4908EA751AABAF2200E176E9 /* DoneEditingInputAccessoryView.swift in Sources */,
				49F419D41A9AAA5100635EF3 /* Int+CDOExtensions.swift in Sources */,
				493803801A86BA7100E62FC2 /* NameValueTableViewCell.swift in Sources */,
			);
			runOnlyForDeploymentPostprocessing = 0;
		};
/* End PBXSourcesBuildPhase section */

/* Begin PBXVariantGroup section */
		49DF07FF1A743A2800BF94D3 /* LaunchScreen.xib */ = {
			isa = PBXVariantGroup;
			children = (
				49DF08001A743A2800BF94D3 /* Base */,
			);
			name = LaunchScreen.xib;
			sourceTree = "<group>";
		};
/* End PBXVariantGroup section */

/* Begin XCBuildConfiguration section */
		49DF080E1A743A2800BF94D3 /* Debug */ = {
			isa = XCBuildConfiguration;
			buildSettings = {
				ALWAYS_SEARCH_USER_PATHS = NO;
				CLANG_CXX_LANGUAGE_STANDARD = "gnu++0x";
				CLANG_CXX_LIBRARY = "libc++";
				CLANG_ENABLE_MODULES = YES;
				CLANG_ENABLE_OBJC_ARC = YES;
				CLANG_WARN_BOOL_CONVERSION = YES;
				CLANG_WARN_CONSTANT_CONVERSION = YES;
				CLANG_WARN_DIRECT_OBJC_ISA_USAGE = YES_ERROR;
				CLANG_WARN_EMPTY_BODY = YES;
				CLANG_WARN_ENUM_CONVERSION = YES;
				CLANG_WARN_INT_CONVERSION = YES;
				CLANG_WARN_OBJC_ROOT_CLASS = YES_ERROR;
				CLANG_WARN_UNREACHABLE_CODE = YES;
				CLANG_WARN__DUPLICATE_METHOD_MATCH = YES;
				"CODE_SIGN_IDENTITY[sdk=iphoneos*]" = "iPhone Developer";
				COPY_PHASE_STRIP = NO;
				ENABLE_STRICT_OBJC_MSGSEND = YES;
				GCC_C_LANGUAGE_STANDARD = gnu99;
				GCC_DYNAMIC_NO_PIC = NO;
				GCC_OPTIMIZATION_LEVEL = 0;
				GCC_PREPROCESSOR_DEFINITIONS = (
					"DEBUG=1",
					"$(inherited)",
				);
				GCC_SYMBOLS_PRIVATE_EXTERN = NO;
				GCC_WARN_64_TO_32_BIT_CONVERSION = YES;
				GCC_WARN_ABOUT_RETURN_TYPE = YES_ERROR;
				GCC_WARN_UNDECLARED_SELECTOR = YES;
				GCC_WARN_UNINITIALIZED_AUTOS = YES_AGGRESSIVE;
				GCC_WARN_UNUSED_FUNCTION = YES;
				GCC_WARN_UNUSED_VARIABLE = YES;
				IPHONEOS_DEPLOYMENT_TARGET = 8.1;
				MTL_ENABLE_DEBUG_INFO = YES;
				ONLY_ACTIVE_ARCH = YES;
				SDKROOT = iphoneos;
				SWIFT_OPTIMIZATION_LEVEL = "-Onone";
			};
			name = Debug;
		};
		49DF080F1A743A2800BF94D3 /* Release */ = {
			isa = XCBuildConfiguration;
			buildSettings = {
				ALWAYS_SEARCH_USER_PATHS = NO;
				CLANG_CXX_LANGUAGE_STANDARD = "gnu++0x";
				CLANG_CXX_LIBRARY = "libc++";
				CLANG_ENABLE_MODULES = YES;
				CLANG_ENABLE_OBJC_ARC = YES;
				CLANG_WARN_BOOL_CONVERSION = YES;
				CLANG_WARN_CONSTANT_CONVERSION = YES;
				CLANG_WARN_DIRECT_OBJC_ISA_USAGE = YES_ERROR;
				CLANG_WARN_EMPTY_BODY = YES;
				CLANG_WARN_ENUM_CONVERSION = YES;
				CLANG_WARN_INT_CONVERSION = YES;
				CLANG_WARN_OBJC_ROOT_CLASS = YES_ERROR;
				CLANG_WARN_UNREACHABLE_CODE = YES;
				CLANG_WARN__DUPLICATE_METHOD_MATCH = YES;
				"CODE_SIGN_IDENTITY[sdk=iphoneos*]" = "iPhone Developer";
				COPY_PHASE_STRIP = YES;
				ENABLE_NS_ASSERTIONS = NO;
				ENABLE_STRICT_OBJC_MSGSEND = YES;
				GCC_C_LANGUAGE_STANDARD = gnu99;
				GCC_WARN_64_TO_32_BIT_CONVERSION = YES;
				GCC_WARN_ABOUT_RETURN_TYPE = YES_ERROR;
				GCC_WARN_UNDECLARED_SELECTOR = YES;
				GCC_WARN_UNINITIALIZED_AUTOS = YES_AGGRESSIVE;
				GCC_WARN_UNUSED_FUNCTION = YES;
				GCC_WARN_UNUSED_VARIABLE = YES;
				IPHONEOS_DEPLOYMENT_TARGET = 8.1;
				MTL_ENABLE_DEBUG_INFO = NO;
				SDKROOT = iphoneos;
				VALIDATE_PRODUCT = YES;
			};
			name = Release;
		};
		49DF08111A743A2800BF94D3 /* Debug */ = {
			isa = XCBuildConfiguration;
			buildSettings = {
				ASSETCATALOG_COMPILER_APPICON_NAME = AppIcon;
				CODE_SIGN_ENTITLEMENTS = "rainbow-fish/rainbow-fish.entitlements";
				CODE_SIGN_IDENTITY = "iPhone Developer";
				"CODE_SIGN_IDENTITY[sdk=iphoneos*]" = "iPhone Developer";
				DEFINES_MODULE = YES;
				FRAMEWORK_SEARCH_PATHS = (
					"$(inherited)",
					"$(PROJECT_DIR)/Carthage/Build/iOS",
					"$(PROJECT_DIR)/rainbow-fish",
				);
				INFOPLIST_FILE = "rainbow-fish/Info.plist";
				IPHONEOS_DEPLOYMENT_TARGET = 8.1;
				LD_RUNPATH_SEARCH_PATHS = "$(inherited) @executable_path/Frameworks";
				LIBRARY_SEARCH_PATHS = (
					"$(inherited)",
					"$(SDKROOT)/usr/lib/system",
				);
				OTHER_SWIFT_FLAGS = "-DDEBUG";
				PRODUCT_MODULE_NAME = RainbowFish;
				PRODUCT_NAME = "Rainbow Fish";
				PROVISIONING_PROFILE = "";
				SWIFT_OBJC_BRIDGING_HEADER = "rainbow-fish/RainbowFishBridge.h";
			};
			name = Debug;
		};
		49DF08121A743A2800BF94D3 /* Release */ = {
			isa = XCBuildConfiguration;
			buildSettings = {
				ASSETCATALOG_COMPILER_APPICON_NAME = AppIcon;
				CODE_SIGN_ENTITLEMENTS = "rainbow-fish/rainbow-fish.entitlements";
				CODE_SIGN_IDENTITY = "iPhone Developer";
				"CODE_SIGN_IDENTITY[sdk=iphoneos*]" = "iPhone Developer";
				DEFINES_MODULE = YES;
				FRAMEWORK_SEARCH_PATHS = (
					"$(inherited)",
					"$(PROJECT_DIR)/Carthage/Build/iOS",
					"$(PROJECT_DIR)/rainbow-fish",
				);
				GCC_OPTIMIZATION_LEVEL = 1;
				INFOPLIST_FILE = "rainbow-fish/Info.plist";
				IPHONEOS_DEPLOYMENT_TARGET = 8.1;
				LD_RUNPATH_SEARCH_PATHS = "$(inherited) @executable_path/Frameworks";
				LIBRARY_SEARCH_PATHS = (
					"$(inherited)",
					"$(SDKROOT)/usr/lib/system",
				);
				OTHER_SWIFT_FLAGS = "";
				PRODUCT_MODULE_NAME = RainbowFish;
				PRODUCT_NAME = "Rainbow Fish";
				PROVISIONING_PROFILE = "";
				SWIFT_OBJC_BRIDGING_HEADER = "rainbow-fish/RainbowFishBridge.h";
				SWIFT_OPTIMIZATION_LEVEL = "-Onone";
			};
			name = Release;
		};
/* End XCBuildConfiguration section */

/* Begin XCConfigurationList section */
		49DF07EC1A743A2800BF94D3 /* Build configuration list for PBXProject "rainbow-fish" */ = {
			isa = XCConfigurationList;
			buildConfigurations = (
				49DF080E1A743A2800BF94D3 /* Debug */,
				49DF080F1A743A2800BF94D3 /* Release */,
			);
			defaultConfigurationIsVisible = 0;
			defaultConfigurationName = Release;
		};
		49DF08101A743A2800BF94D3 /* Build configuration list for PBXNativeTarget "rainbow-fish" */ = {
			isa = XCConfigurationList;
			buildConfigurations = (
				49DF08111A743A2800BF94D3 /* Debug */,
				49DF08121A743A2800BF94D3 /* Release */,
			);
			defaultConfigurationIsVisible = 0;
			defaultConfigurationName = Release;
		};
/* End XCConfigurationList section */

/* Begin XCVersionGroup section */
		49E8D8C31A74474B0064E682 /* rainbow-fish.xcdatamodeld */ = {
			isa = XCVersionGroup;
			children = (
				49E8D8C41A74474B0064E682 /* rainbow-fish.xcdatamodel */,
			);
			currentVersion = 49E8D8C41A74474B0064E682 /* rainbow-fish.xcdatamodel */;
			path = "rainbow-fish.xcdatamodeld";
			sourceTree = "<group>";
			versionGroupType = wrapper.xcdatamodel;
		};
/* End XCVersionGroup section */
	};
	rootObject = 49DF07E91A743A2800BF94D3 /* Project object */;
}
